// !$*UTF8*$!
{
	archiveVersion = 1;
	classes = {};
	objectVersion = 56;
	objects = {

/* Begin PBXBuildFile section */
		03F51F41DBAD41D89333C0A9 = {
			isa = PBXBuildFile;
			fileRef = B26F7A38B8774C0BA5BF1F25;
		};
		086E41C16379491586AF8131 = {
			isa = PBXBuildFile;
			fileRef = 452E71E021E34AAEBC658167;
		};
		0C4A1342EB774CCBA9551822 = {
			isa = PBXBuildFile;
			fileRef = BCA9791D398A48439A520338;
		};
		181038B0CA1D43BEAB3C0176 = {
			isa = PBXBuildFile;
			fileRef = 1A929F9C68EE45DDAB866AEA;
		};
		1AFDB208D898443492DFA616 = {
			isa = PBXBuildFile;
			fileRef = AF05E0ACD6504716B6E62F76;
		};
		1F0E56FFA7C14780B2D603FF = {
			isa = PBXBuildFile;
			fileRef = 666864A38C8647EB98B3CF4F;
		};
		2252862154B745CE8BC571CD = {
			isa = PBXBuildFile;
			fileRef = 3E25CF4196C24A8B96A0164D;
		};
		25D47C9892FA41199F396A06 = {
			isa = PBXBuildFile;
			fileRef = 019CA2284BB64639AB13D6D1;
		};
		279F3F73120544E48712B639 = {
			isa = PBXBuildFile;
			fileRef = AF6529D818D44B14A4E090CF;
		};
		2A65BC685E4E479CA1E3F260 = {
			isa = PBXBuildFile;
			fileRef = 7758CD5091D84F958A11E5BE;
		};
		2B81CF93C60C4996AB4553FF = {
			isa = PBXBuildFile;
			fileRef = 568761AEEF27463D858EE0E2;
		};
		2F026D5EC3EA44B5BDCF7E7B = {
			isa = PBXBuildFile;
			fileRef = FF4D1140604349258A1187B1;
		};
		2F9BF050E7D94509B80B67EC = {
			isa = PBXBuildFile;
			fileRef = F6F2316C70794EDD89923834;
		};
		301125AD9E354CCFB4223C99 = {
			isa = PBXBuildFile;
			fileRef = D793BFA7AF214609B5ACEA73;
		};
		39035093CB304C85AA583E97 = {
			isa = PBXBuildFile;
			fileRef = 6440B54911AA40AABAB8DB47;
		};
		3B8843B5D78343DF8916A954 = {
			isa = PBXBuildFile;
			fileRef = 5BD39A1262F04CE5A38E26A9;
		};
		3D835C77240F43D2B707FF9E = {
			isa = PBXBuildFile;
			fileRef = 74F8EEE614FF41A3A6BA7FBB;
		};
		4691CB7236C44E2EBFC92E2E = {
			isa = PBXBuildFile;
			fileRef = BF4FACA95A4845E1BC55F931;
		};
		47C5A94B36E64713846B9BD4 = {
			isa = PBXBuildFile;
			fileRef = 1449946DAA2748AAA88D5C07;
		};
		49D9C82CF8BC47E9B4F4B756 = {
			isa = PBXBuildFile;
			fileRef = 0BABC92FED514094A50C4083;
		};
		4C588BDCD8064111BA8326B2 = {
			isa = PBXBuildFile;
			fileRef = 6F691898859E4172B452775E;
		};
		4CFF81C7E42C4F9BA65309A4 = {
			isa = PBXBuildFile;
			fileRef = 861771DBBD5343F39CE74B83;
		};
		58AF7031E3E440DE9D7CD819 = {
			isa = PBXBuildFile;
			fileRef = D7F940E9DF35445A98D2607A;
		};
		5B31A0DB1260442E93883192 = {
			isa = PBXBuildFile;
			fileRef = CEDCF79962094638938D719E;
		};
		5E0CCCF55FD94EC382CA20C5 = {
			isa = PBXBuildFile;
			fileRef = A6ED003E998347488D87FBB1;
		};
		73BB3725E3E542E18D0EE2EA = {
			isa = PBXBuildFile;
			fileRef = C7ECD6F4722B4168953A7902;
		};
		7828525AFF7A4771A2A5638F = {
			isa = PBXBuildFile;
			fileRef = B33D658EB2CD4036BAFB60C1;
		};
		8E49DDD8A5A44BB19B582FB7 = {
			isa = PBXBuildFile;
			fileRef = C05CD0A0ABD742E5B2BDB12A;
		};
		902CEDCA14CA4101AFB56F68 = {
			isa = PBXBuildFile;
			fileRef = 173B334BB6194882941201EB;
		};
		92E78CE96BFF4E038C299EFD = {
			isa = PBXBuildFile;
			fileRef = 52FCBDEA52D84E09B61B58E8;
		};
		9719E7DD9642499BA2A94C71 = {
			isa = PBXBuildFile;
			fileRef = 6B8A285E22CE40A993BAEE17;
		};
		9FF2CAFA3B7644ECB279C56A = {
			isa = PBXBuildFile;
			fileRef = 6788B844799A44198EA745AD;
		};
		A2D3294390104662891625A2 = {
			isa = PBXBuildFile;
			fileRef = EC5FFBE44D3A4E4B84555874;
		};
		B24B1C3760C84B9BA3FE7DAA = {
			isa = PBXBuildFile;
			fileRef = 29AC8DE5AFF54C99A426A417;
		};
		B9E8559402CE4B9E924792EE = {
			isa = PBXBuildFile;
			fileRef = D374CAD4D29E48EA951E052B;
		};
		BE25FC7632A64D46951019E7 = {
			isa = PBXBuildFile;
			fileRef = 69834B3D17C04B23B7419086;
		};
		CB851FA4277A4332B22A3D11 = {
			isa = PBXBuildFile;
			fileRef = 445EABCCFA474303B0AFB19C;
		};
		D6207C38B1084D29BD3AB86A = {
			isa = PBXBuildFile;
			fileRef = 29CCFC702EDD4FEABBEBDB13;
		};
		D6FCF9418AAF4D1F8A9B07CF = {
			isa = PBXBuildFile;
			fileRef = 79E4E35110C448E480E838F1;
		};
		D79FB7509DF24D518EC88C69 = {
			isa = PBXBuildFile;
			fileRef = AD5F66D56D3042DAABB5E3E7;
		};
		E22D88614F854C489DC0E11B = {
			isa = PBXBuildFile;
			fileRef = A620ABD0078344D7AF9CE678;
		};
		E714F91999FF44369FDFEAD4 = {
			isa = PBXBuildFile;
			fileRef = F4E76975621A45E9944808BA;
		};
		F55A9FE2B35B4C7FB653200B = {
			isa = PBXBuildFile;
			fileRef = C94471B24D17440882AB0913;
		};
/* End PBXBuildFile section */

/* Begin PBXFileReference section */
		019CA2284BB64639AB13D6D1 = {
			isa = PBXFileReference;
			lastKnownFileType = sourcecode.swift;
			path = AppState.swift;
			sourceTree = "<group>";
		};
		0BABC92FED514094A50C4083 = {
			isa = PBXFileReference;
			lastKnownFileType = sourcecode.swift;
			path = GarageView.swift;
			sourceTree = "<group>";
		};
		1449946DAA2748AAA88D5C07 = {
			isa = PBXFileReference;
			lastKnownFileType = sourcecode.swift;
			path = ShareCarCardView.swift;
			sourceTree = "<group>";
		};
		173B334BB6194882941201EB = {
			isa = PBXFileReference;
			lastKnownFileType = sourcecode.swift;
			path = BehaviorScoreView.swift;
			sourceTree = "<group>";
		};
		1A929F9C68EE45DDAB866AEA = {
			isa = PBXFileReference;
			lastKnownFileType = sourcecode.swift;
			path = DrivesView.swift;
			sourceTree = "<group>";
		};
		29AC8DE5AFF54C99A426A417 = {
			isa = PBXFileReference;
			lastKnownFileType = sourcecode.swift;
			path = StoreKitService.swift;
			sourceTree = "<group>";
		};
		29CCFC702EDD4FEABBEBDB13 = {
			isa = PBXFileReference;
			lastKnownFileType = sourcecode.swift;
			path = ProPaywallView.swift;
			sourceTree = "<group>";
		};
		3E25CF4196C24A8B96A0164D = {
			isa = PBXFileReference;
			lastKnownFileType = sourcecode.swift;
			path = LeaderboardService.swift;
			sourceTree = "<group>";
		};
		445EABCCFA474303B0AFB19C = {
			isa = PBXFileReference;
			lastKnownFileType = sourcecode.swift;
			path = RootView.swift;
			sourceTree = "<group>";
		};
		452E71E021E34AAEBC658167 = {
			isa = PBXFileReference;
			lastKnownFileType = sourcecode.swift;
			path = AddCarView.swift;
			sourceTree = "<group>";
		};
		52FCBDEA52D84E09B61B58E8 = {
			isa = PBXFileReference;
			lastKnownFileType = sourcecode.swift;
			path = LeaderboardView.swift;
			sourceTree = "<group>";
		};
		568761AEEF27463D858EE0E2 = {
			isa = PBXFileReference;
			lastKnownFileType = sourcecode.swift;
			path = Drive.swift;
			sourceTree = "<group>";
		};
		5BD39A1262F04CE5A38E26A9 = {
			isa = PBXFileReference;
			lastKnownFileType = sourcecode.swift;
			path = FTCard.swift;
			sourceTree = "<group>";
		};
		5C28814525044FBCB16012B6 = {
			isa = PBXFileReference;
			lastKnownFileType = text.plist.strings;
			path = Localizable.strings;
			sourceTree = "<group>";
		};
		6440B54911AA40AABAB8DB47 = {
			isa = PBXFileReference;
			lastKnownFileType = sourcecode.swift;
			path = MainTabView.swift;
			sourceTree = "<group>";
		};
		666864A38C8647EB98B3CF4F = {
			isa = PBXFileReference;
			lastKnownFileType = sourcecode.swift;
			path = Car.swift;
			sourceTree = "<group>";
		};
		6788B844799A44198EA745AD = {
			isa = PBXFileReference;
			lastKnownFileType = sourcecode.swift;
			path = LocationService.swift;
			sourceTree = "<group>";
		};
		69834B3D17C04B23B7419086 = {
			isa = PBXFileReference;
			lastKnownFileType = sourcecode.swift;
			path = DriveDetailView.swift;
			sourceTree = "<group>";
		};
		6B8A285E22CE40A993BAEE17 = {
			isa = PBXFileReference;
			lastKnownFileType = sourcecode.swift;
			path = FaisTrackApp.swift;
			sourceTree = "<group>";
		};
		6EDB2182566C4990950BFEF4 = {
			isa = PBXFileReference;
			explicitFileType = wrapper.application;
			includeInIndex = 0;
			path = "FaisTrack.app";
			sourceTree = BUILT_PRODUCTS_DIR;
		};
		6F691898859E4172B452775E = {
			isa = PBXFileReference;
			lastKnownFileType = sourcecode.swift;
			path = UserSearchView.swift;
			sourceTree = "<group>";
		};
		74F8EEE614FF41A3A6BA7FBB = {
			isa = PBXFileReference;
			lastKnownFileType = sourcecode.swift;
			path = Colors.swift;
			sourceTree = "<group>";
		};
		7758CD5091D84F958A11E5BE = {
			isa = PBXFileReference;
			lastKnownFileType = sourcecode.swift;
			path = CarPlaySceneDelegate.swift;
			sourceTree = "<group>";
		};
		79E4E35110C448E480E838F1 = {
			isa = PBXFileReference;
			lastKnownFileType = sourcecode.swift;
			path = FirebaseService.swift;
			sourceTree = "<group>";
		};
		861771DBBD5343F39CE74B83 = {
			isa = PBXFileReference;
			lastKnownFileType = sourcecode.swift;
			path = GarageViewModel.swift;
			sourceTree = "<group>";
		};
		A620ABD0078344D7AF9CE678 = {
			isa = PBXFileReference;
			lastKnownFileType = sourcecode.swift;
			path = FTButton.swift;
			sourceTree = "<group>";
		};
		A6ED003E998347488D87FBB1 = {
			isa = PBXFileReference;
			lastKnownFileType = sourcecode.swift;
			path = NotificationService.swift;
			sourceTree = "<group>";
		};
		AF05E0ACD6504716B6E62F76 = {
			isa = PBXFileReference;
			lastKnownFileType = sourcecode.swift;
			path = CarDetailView.swift;
			sourceTree = "<group>";
		};
		AF6529D818D44B14A4E090CF = {
			isa = PBXFileReference;
			lastKnownFileType = sourcecode.swift;
			path = SafetyView.swift;
			sourceTree = "<group>";
		};
		B26F7A38B8774C0BA5BF1F25 = {
			isa = PBXFileReference;
			lastKnownFileType = sourcecode.swift;
			path = ReferralService.swift;
			sourceTree = "<group>";
		};
		B33D658EB2CD4036BAFB60C1 = {
			isa = PBXFileReference;
			lastKnownFileType = sourcecode.swift;
			path = LeaderboardEntry.swift;
			sourceTree = "<group>";
		};
		BCA9791D398A48439A520338 = {
			isa = PBXFileReference;
			lastKnownFileType = sourcecode.swift;
			path = AppDelegate.swift;
			sourceTree = "<group>";
		};
		BF4FACA95A4845E1BC55F931 = {
			isa = PBXFileReference;
			lastKnownFileType = sourcecode.swift;
			path = CarCardView.swift;
			sourceTree = "<group>";
		};
		C05CD0A0ABD742E5B2BDB12A = {
			isa = PBXFileReference;
			lastKnownFileType = sourcecode.swift;
			path = StatsView.swift;
			sourceTree = "<group>";
		};
		C7ECD6F4722B4168953A7902 = {
			isa = PBXFileReference;
			lastKnownFileType = sourcecode.swift;
			path = DriveDetectionService.swift;
			sourceTree = "<group>";
		};
		C94471B24D17440882AB0913 = {
			isa = PBXFileReference;
			lastKnownFileType = sourcecode.swift;
			path = PermissionsView.swift;
			sourceTree = "<group>";
		};
		CEDCF79962094638938D719E = {
			isa = PBXFileReference;
			lastKnownFileType = sourcecode.swift;
			path = OnboardingView.swift;
			sourceTree = "<group>";
		};
		D374CAD4D29E48EA951E052B = {
			isa = PBXFileReference;
			lastKnownFileType = sourcecode.swift;
			path = FriendsView.swift;
			sourceTree = "<group>";
		};
		D793BFA7AF214609B5ACEA73 = {
			isa = PBXFileReference;
			lastKnownFileType = file.storyboard;
			path = LaunchScreen.storyboard;
			sourceTree = "<group>";
		};
		D7F940E9DF35445A98D2607A = {
			isa = PBXFileReference;
			lastKnownFileType = sourcecode.swift;
			path = User.swift;
			sourceTree = "<group>";
		};
		EC5FFBE44D3A4E4B84555874 = {
			isa = PBXFileReference;
			lastKnownFileType = sourcecode.swift;
			path = FTStatBadge.swift;
			sourceTree = "<group>";
		};
		EF9826631EF64EBA8BC3D967 = {
			isa = PBXFileReference;
			lastKnownFileType = text.plist.strings;
			path = Localizable.strings;
			sourceTree = "<group>";
		};
		F4E76975621A45E9944808BA = {
			isa = PBXFileReference;
			lastKnownFileType = sourcecode.swift;
			path = AuthService.swift;
			sourceTree = "<group>";
		};
		F6F2316C70794EDD89923834 = {
			isa = PBXFileReference;
			lastKnownFileType = folder.assetcatalog;
			path = Assets.xcassets;
			sourceTree = "<group>";
		};
		FF4D1140604349258A1187B1 = {
			isa = PBXFileReference;
			lastKnownFileType = sourcecode.swift;
			path = AuthView.swift;
			sourceTree = "<group>";
		};
/* End PBXFileReference section */

/* Begin PBXFrameworksBuildPhase section */
		2DCD0462BC00429393CD67B3 = {
			isa = PBXFrameworksBuildPhase;
			buildActionMask = 2147483647;
			files = ();
			runOnlyForDeploymentPostprocessing = 0;
		};
/* End PBXFrameworksBuildPhase section */

/* Begin PBXGroup section */
		13456C7EC6F542C6AECD6D72 = {
			isa = PBXGroup;
			children = (
					F4E76975621A45E9944808BA,
					C7ECD6F4722B4168953A7902,
					79E4E35110C448E480E838F1,
					3E25CF4196C24A8B96A0164D,
					6788B844799A44198EA745AD,
					A6ED003E998347488D87FBB1,
					B26F7A38B8774C0BA5BF1F25,
					29AC8DE5AFF54C99A426A417,
				);
			name = "Services";
			path = "Services";
			sourceTree = "<group>";
		};
		17C5DD76EEB0467CB3886C6D = {
			isa = PBXGroup;
			children = (
					74F8EEE614FF41A3A6BA7FBB,
					6184B7AF3D6E45C09BEF9CC6,
				);
			name = "DesignSystem";
			path = "DesignSystem";
			sourceTree = "<group>";
		};
		19C4EE7CF83B40E585EAAE44 = {
			isa = PBXGroup;
			children = (
					69834B3D17C04B23B7419086,
					1A929F9C68EE45DDAB866AEA,
				);
			name = "Drives";
			path = "Drives";
			sourceTree = "<group>";
		};
		1C6347AB2D014DDCA2371D32 = {
			isa = PBXGroup;
			children = (
					BCA9791D398A48439A520338,
					019CA2284BB64639AB13D6D1,
					6B8A285E22CE40A993BAEE17,
					6440B54911AA40AABAB8DB47,
					445EABCCFA474303B0AFB19C,
				);
			name = "App";
			path = "App";
			sourceTree = "<group>";
		};
		44501FC11B2D461EBC71240D = {
			isa = PBXGroup;
			children = (
					F6F2316C70794EDD89923834,
					D793BFA7AF214609B5ACEA73,
					AD5F66D56D3042DAABB5E3E7,
				);
			name = "Resources";
			path = "Resources";
			sourceTree = "<group>";
		};
		5E8AC6ED7F67468FABC03430 = {
			isa = PBXGroup;
			children = (
					173B334BB6194882941201EB,
					C05CD0A0ABD742E5B2BDB12A,
				);
			name = "Statistics";
			path = "Statistics";
			sourceTree = "<group>";
		};
		6184B7AF3D6E45C09BEF9CC6 = {
			isa = PBXGroup;
			children = (
					A620ABD0078344D7AF9CE678,
					5BD39A1262F04CE5A38E26A9,
					EC5FFBE44D3A4E4B84555874,
				);
			name = "Components";
			path = "Components";
			sourceTree = "<group>";
		};
		6BBCCE5730BA40C88C389413 = {
			isa = PBXGroup;
			children = (
					666864A38C8647EB98B3CF4F,
					568761AEEF27463D858EE0E2,
					B33D658EB2CD4036BAFB60C1,
					D7F940E9DF35445A98D2607A,
				);
			name = "Models";
			path = "Models";
			sourceTree = "<group>";
		};
		7280E55A639645E08983DDB1 = {
			isa = PBXGroup;
			children = (
					452E71E021E34AAEBC658167,
					BF4FACA95A4845E1BC55F931,
					AF05E0ACD6504716B6E62F76,
					0BABC92FED514094A50C4083,
					861771DBBD5343F39CE74B83,
					1449946DAA2748AAA88D5C07,
				);
			name = "Garage";
			path = "Garage";
			sourceTree = "<group>";
		};
		92172B065E934CA6B3F5BAF6 = {
			isa = PBXGroup;
			children = (
					FF4D1140604349258A1187B1,
					CEDCF79962094638938D719E,
					C94471B24D17440882AB0913,
					29CCFC702EDD4FEABBEBDB13,
					AF6529D818D44B14A4E090CF,
				);
			name = "Auth";
			path = "Auth";
			sourceTree = "<group>";
		};
		9E7A1E5421CA4A8CB8341F56 = {
			isa = PBXGroup;
			children = (
					BEC155098B394109988EEAFE,
					EF637428ED1043DEA0E99749,
				);
			sourceTree = "<group>";
		};
		A219B6D3379744CC92331E57 = {
			isa = PBXGroup;
			children = (
					92172B065E934CA6B3F5BAF6,
					AACB84F2AF61410280711BC7,
					19C4EE7CF83B40E585EAAE44,
					D40A48053BBE4F17BDFFC1EE,
					7280E55A639645E08983DDB1,
					DC2A603B83934E7B81C044C8,
					5E8AC6ED7F67468FABC03430,
				);
			name = "Modules";
			path = "Modules";
			sourceTree = "<group>";
		};
		AACB84F2AF61410280711BC7 = {
			isa = PBXGroup;
			children = (
					7758CD5091D84F958A11E5BE,
				);
			name = "CarPlay";
			path = "CarPlay";
			sourceTree = "<group>";
		};
		ADB190A0BD334BED9B11DCBF = {
			isa = PBXGroup;
			children = ();
			name = "Supporting";
			path = "Supporting";
			sourceTree = "<group>";
		};
		BEC155098B394109988EEAFE = {
			isa = PBXGroup;
			children = (
					1C6347AB2D014DDCA2371D32,
					17C5DD76EEB0467CB3886C6D,
					6BBCCE5730BA40C88C389413,
					A219B6D3379744CC92331E57,
					44501FC11B2D461EBC71240D,
					13456C7EC6F542C6AECD6D72,
					ADB190A0BD334BED9B11DCBF,
				);
			name = "FaisTrack";
			path = "FaisTrack";
			sourceTree = "<group>";
		};
		D40A48053BBE4F17BDFFC1EE = {
			isa = PBXGroup;
			children = (
					D374CAD4D29E48EA951E052B,
					6F691898859E4172B452775E,
				);
			name = "Friends";
			path = "Friends";
			sourceTree = "<group>";
		};
		DC2A603B83934E7B81C044C8 = {
			isa = PBXGroup;
			children = (
					52FCBDEA52D84E09B61B58E8,
				);
			name = "Leaderboard";
			path = "Leaderboard";
			sourceTree = "<group>";
		};
		EF637428ED1043DEA0E99749 = {
			isa = PBXGroup;
			children = (
					6EDB2182566C4990950BFEF4,
				);
			name = "Products";
			sourceTree = "<group>";
		};
/* End PBXGroup section */

/* Begin PBXNativeTarget section */
		5D10EC855340411C9848B92C = {
			isa = PBXNativeTarget;
			buildConfigurationList = E541F898CC734B84A4E93CD2;
			buildPhases = (
					11E1E8AF818F493DB1F3DF41,
					92B82D5F06EE4DE88531951D,
					2DCD0462BC00429393CD67B3,
				);
			buildRules = ();
			dependencies = ();
			name = "FaisTrack";
			productName = "FaisTrack";
			productReference = 6EDB2182566C4990950BFEF4;
			productType = "com.apple.product-type.application";
		};
/* End PBXNativeTarget section */

/* Begin PBXProject section */
		DBF28CC3133240CEA2E184BA = {
			isa = PBXProject;
			attributes = {
					BuildIndependentTargetsInParallel = YES;
					LastSwiftUpdateCheck = 1500;
					LastUpgradeCheck = 1500;
					TargetAttributes = {
						5D10EC855340411C9848B92C = {
							CreatedOnToolsVersion = 15.0;
							DevelopmentTeam = 5GY9D93K6Y;
						};
					};
				};
			buildConfigurationList = C8E658270EB04742941D5DE5;
			compatibilityVersion = "Xcode 14.0";
			developmentRegion = en;
			hasScannedForEncodings = 0;
			knownRegions = (
					Base,
					en,
					ar,
				);
			mainGroup = 9E7A1E5421CA4A8CB8341F56;
			productRefGroup = EF637428ED1043DEA0E99749;
			projectDirPath = "";
			projectRoot = "";
			targets = (
					5D10EC855340411C9848B92C,
				);
		};
/* End PBXProject section */

/* Begin PBXResourcesBuildPhase section */
		92B82D5F06EE4DE88531951D = {
			isa = PBXResourcesBuildPhase;
			buildActionMask = 2147483647;
			files = (
					2F9BF050E7D94509B80B67EC,
					301125AD9E354CCFB4223C99,
					D79FB7509DF24D518EC88C69,
				);
			runOnlyForDeploymentPostprocessing = 0;
		};
/* End PBXResourcesBuildPhase section */

/* Begin PBXSourcesBuildPhase section */
		11E1E8AF818F493DB1F3DF41 = {
			isa = PBXSourcesBuildPhase;
			buildActionMask = 2147483647;
			files = (
					0C4A1342EB774CCBA9551822,
					25D47C9892FA41199F396A06,
					9719E7DD9642499BA2A94C71,
					39035093CB304C85AA583E97,
					CB851FA4277A4332B22A3D11,
					3D835C77240F43D2B707FF9E,
					E22D88614F854C489DC0E11B,
					3B8843B5D78343DF8916A954,
					A2D3294390104662891625A2,
					1F0E56FFA7C14780B2D603FF,
					2B81CF93C60C4996AB4553FF,
					7828525AFF7A4771A2A5638F,
					58AF7031E3E440DE9D7CD819,
					2F026D5EC3EA44B5BDCF7E7B,
					5B31A0DB1260442E93883192,
					F55A9FE2B35B4C7FB653200B,
					D6207C38B1084D29BD3AB86A,
					279F3F73120544E48712B639,
					2A65BC685E4E479CA1E3F260,
					BE25FC7632A64D46951019E7,
					181038B0CA1D43BEAB3C0176,
					B9E8559402CE4B9E924792EE,
					4C588BDCD8064111BA8326B2,
					086E41C16379491586AF8131,
					4691CB7236C44E2EBFC92E2E,
					1AFDB208D898443492DFA616,
					49D9C82CF8BC47E9B4F4B756,
					4CFF81C7E42C4F9BA65309A4,
					47C5A94B36E64713846B9BD4,
					92E78CE96BFF4E038C299EFD,
					902CEDCA14CA4101AFB56F68,
					8E49DDD8A5A44BB19B582FB7,
					E714F91999FF44369FDFEAD4,
					73BB3725E3E542E18D0EE2EA,
					D6FCF9418AAF4D1F8A9B07CF,
					2252862154B745CE8BC571CD,
					9FF2CAFA3B7644ECB279C56A,
					5E0CCCF55FD94EC382CA20C5,
					03F51F41DBAD41D89333C0A9,
					B24B1C3760C84B9BA3FE7DAA,
				);
			runOnlyForDeploymentPostprocessing = 0;
		};
/* End PBXSourcesBuildPhase section */

/* Begin PBXVariantGroup section */
		AD5F66D56D3042DAABB5E3E7 = {
			isa = PBXVariantGroup;
			children = (
					5C28814525044FBCB16012B6,
					EF9826631EF64EBA8BC3D967,
				);
			name = "Localizable.strings";
			sourceTree = "<group>";
		};
/* End PBXVariantGroup section */

/* Begin XCBuildConfiguration section */
		655932B2CFAF426D873F55A2 = {
			isa = XCBuildConfiguration;
			buildSettings = {
					ALWAYS_SEARCH_USER_PATHS = NO;
					COPY_PHASE_STRIP = NO;
					DEBUG_INFORMATION_FORMAT = "dwarf-with-dsym";
					ENABLE_NS_ASSERTIONS = NO;
					ENABLE_STRICT_OBJC_MSGSEND = YES;
					GCC_NO_COMMON_BLOCKS = YES;
					IPHONEOS_DEPLOYMENT_TARGET = "15.0";
					MTL_ENABLE_DEBUG_INFO = NO;
					SDKROOT = iphoneos;
					VALIDATE_PRODUCT = YES;
				};
			name = Release;
		};
		968795DAC5AC45DA9E70A663 = {
			isa = XCBuildConfiguration;
			buildSettings = {
					ALWAYS_SEARCH_USER_PATHS = NO;
					ASSETCATALOG_COMPILER_APPICON_NAME = AppIcon;
					CODE_SIGN_ENTITLEMENTS = "FaisTrack/Supporting/FaisTrack.entitlements";
					CODE_SIGN_STYLE = Automatic;
					CURRENT_PROJECT_VERSION = 1;
					DEVELOPMENT_TEAM = "5GY9D93K6Y";
					ENABLE_BITCODE = NO;
					INFOPLIST_FILE = "FaisTrack/Supporting/Info.plist";
					IPHONEOS_DEPLOYMENT_TARGET = "15.0";
					MARKETING_VERSION = "1.0";
					PRODUCT_BUNDLE_IDENTIFIER = "com.faistrack.app";
					PRODUCT_NAME = "$(TARGET_NAME)";
					SWIFT_EMIT_LOC_STRINGS = YES;
					SWIFT_VERSION = "5.9";
					TARGETED_DEVICE_FAMILY = "1";
					ENABLE_PREVIEWS = YES;
					DEBUG_INFORMATION_FORMAT = dwarf;
					ENABLE_TESTABILITY = YES;
					SWIFT_OPTIMIZATION_LEVEL = "-Onone";
					SWIFT_ACTIVE_COMPILATION_CONDITIONS = DEBUG;
				};
			name = Debug;
		};
		EA6488E76A6049DD83ACB01C = {
			isa = XCBuildConfiguration;
			buildSettings = {
					ALWAYS_SEARCH_USER_PATHS = NO;
					COPY_PHASE_STRIP = NO;
					DEBUG_INFORMATION_FORMAT = dwarf;
					ENABLE_STRICT_OBJC_MSGSEND = YES;
					GCC_NO_COMMON_BLOCKS = YES;
					IPHONEOS_DEPLOYMENT_TARGET = "15.0";
					MTL_ENABLE_DEBUG_INFO = INCLUDE_SOURCE;
					ONLY_ACTIVE_ARCH = YES;
					SDKROOT = iphoneos;
					SWIFT_ACTIVE_COMPILATION_CONDITIONS = DEBUG;
				};
			name = Debug;
		};
		F6FA5FA747984FAD93F06482 = {
			isa = XCBuildConfiguration;
			buildSettings = {
					ALWAYS_SEARCH_USER_PATHS = NO;
					ASSETCATALOG_COMPILER_APPICON_NAME = AppIcon;
					CODE_SIGN_ENTITLEMENTS = "FaisTrack/Supporting/FaisTrack.entitlements";
					CODE_SIGN_STYLE = Automatic;
					CURRENT_PROJECT_VERSION = 1;
					DEVELOPMENT_TEAM = "5GY9D93K6Y";
					ENABLE_BITCODE = NO;
					INFOPLIST_FILE = "FaisTrack/Supporting/Info.plist";
					IPHONEOS_DEPLOYMENT_TARGET = "15.0";
					MARKETING_VERSION = "1.0";
					PRODUCT_BUNDLE_IDENTIFIER = "com.faistrack.app";
					PRODUCT_NAME = "$(TARGET_NAME)";
					SWIFT_EMIT_LOC_STRINGS = YES;
					SWIFT_VERSION = "5.9";
					TARGETED_DEVICE_FAMILY = "1";
					ENABLE_PREVIEWS = YES;
					DEBUG_INFORMATION_FORMAT = "dwarf-with-dsym";
					SWIFT_OPTIMIZATION_LEVEL = "-O";
					VALIDATE_PRODUCT = YES;
				};
			name = Release;
		};
/* End XCBuildConfiguration section */

/* Begin XCConfigurationList section */
		C8E658270EB04742941D5DE5 = {
			isa = XCConfigurationList;
			buildConfigurations = (
					EA6488E76A6049DD83ACB01C,
					655932B2CFAF426D873F55A2,
				);
			defaultConfigurationIsVisible = 0;
			defaultConfigurationName = Release;
		};
		E541F898CC734B84A4E93CD2 = {
			isa = XCConfigurationList;
			buildConfigurations = (
					968795DAC5AC45DA9E70A663,
					F6FA5FA747984FAD93F06482,
				);
			defaultConfigurationIsVisible = 0;
			defaultConfigurationName = Release;
		};
/* End XCConfigurationList section */
	};
	rootObject = DBF28CC3133240CEA2E184BA;
}