// !$*UTF8*$!
{
	archiveVersion = 1;
	classes = {
	};
	objectVersion = 56;
	objects = {

/* Begin PBXBuildFile section */
		1536CDADC93445F496D50C53 /* PBXBuildFile */ = {
			isa = PBXBuildFile;
			fileRef = E6F1D17EE81C408CAE64EBC7;
		};
		15E6B51B2E29441CB2346CC1 /* PBXBuildFile */ = {
			isa = PBXBuildFile;
			fileRef = B597689DDB614495ACCF1502;
		};
		19EB66248F8E488F8AA70066 /* PBXBuildFile */ = {
			isa = PBXBuildFile;
			fileRef = 1C946B63C8574A629A0E1613;
		};
		1E556DEFA73B4283A6282FC6 /* PBXBuildFile */ = {
			isa = PBXBuildFile;
			fileRef = CE824C85657941DCA715934B;
		};
		29384F4345F14041BD3CDD02 /* PBXBuildFile */ = {
			isa = PBXBuildFile;
			fileRef = 3DB675E61528419E890BF381;
		};
		2CB2E5DB5EAD4E76AD7ADB6A /* PBXBuildFile */ = {
			isa = PBXBuildFile;
			fileRef = 24D154C2C5314A6BAD4BBF8A;
		};
		2E1B26A7F21543E7980301C6 /* PBXBuildFile */ = {
			isa = PBXBuildFile;
			fileRef = 39FF906A4D1E4447853C7D31;
		};
		351F25D63B404DDE8D7B4632 /* PBXBuildFile */ = {
			isa = PBXBuildFile;
			fileRef = B061438B59F44E0B81BFB4E6;
		};
		355FBEE8D6414131A70913B6 /* PBXBuildFile */ = {
			isa = PBXBuildFile;
			fileRef = 24E5B329DAFC429CB391F34A;
		};
		422FFDD180C744EAB769DA8C /* PBXBuildFile */ = {
			isa = PBXBuildFile;
			fileRef = C8F1153DD9744041B72DE0AA;
		};
		439FA6455F084D2582A309D0 /* PBXBuildFile */ = {
			isa = PBXBuildFile;
			fileRef = DAC48F4BF6904A89A96824DC;
		};
		463830659BE44C689F3586EC /* PBXBuildFile */ = {
			isa = PBXBuildFile;
			fileRef = 4965251E73394885A6793A70;
		};
		4FD387650D114DE2BBE72CA5 /* PBXBuildFile */ = {
			isa = PBXBuildFile;
			fileRef = 38B8C204B8324A8AB0B9D340;
		};
		50EA363F479A4F88ABBA76D6 /* PBXBuildFile */ = {
			isa = PBXBuildFile;
			fileRef = CA64C3CDEBF2484186B77F5A;
		};
		57C3C83C8DC14A7EB51C34C5 /* PBXBuildFile */ = {
			isa = PBXBuildFile;
			fileRef = A8677E079CD649B5B60553B7;
		};
		5C3E4E67BE9F460484F992FF /* PBXBuildFile */ = {
			isa = PBXBuildFile;
			fileRef = 83FFF559BEDD43C3AE3227B2;
		};
		63193C5C413A472783D454FB /* PBXBuildFile */ = {
			isa = PBXBuildFile;
			fileRef = 08D1113EE0C34910BAF5C4FD;
		};
		6B78903819E6460E803C74BC /* PBXBuildFile */ = {
			isa = PBXBuildFile;
			fileRef = F40A8E62F1254C55AA8B5A66;
		};
		75BB0D36752548AAB411A25B /* PBXBuildFile */ = {
			isa = PBXBuildFile;
			fileRef = 7BAE9BCECF504FCE9628A9CC;
		};
		79A5C582247F405E86E427F9 /* PBXBuildFile */ = {
			isa = PBXBuildFile;
			fileRef = 3CD91E2E50C740C9B40899F0;
		};
		7C8281D8684545CFAEC33427 /* PBXBuildFile */ = {
			isa = PBXBuildFile;
			fileRef = 0C7EF721F0F54B45B6AB8CE2;
		};
		821B173BB1E4418DABFCEA45 /* PBXBuildFile */ = {
			isa = PBXBuildFile;
			fileRef = AAFE9C95402A4C7985BA2508;
		};
		8713A833833F47759B4FF972 /* PBXBuildFile */ = {
			isa = PBXBuildFile;
			fileRef = A9C2A4108D004F80AFF8E2A6;
		};
		8ABF9AC5CF8D42969AFD8B3B /* PBXBuildFile */ = {
			isa = PBXBuildFile;
			fileRef = 0FAFEE2A69A84BAABDFB8E20;
		};
		914CC72134674BAAAF2A459C /* PBXBuildFile */ = {
			isa = PBXBuildFile;
			fileRef = 1815BF02C9004A08B8F1ED91;
		};
		982E9A7095714E2385E1C4B4 /* PBXBuildFile */ = {
			isa = PBXBuildFile;
			fileRef = 530159A29500466CAF44B01A;
		};
		9CAFFC4C55154DE48F99C59B /* PBXBuildFile */ = {
			isa = PBXBuildFile;
			fileRef = 32B354F3F05146E189DFC34A;
		};
		ADA0C184980E4488A04063EB /* PBXBuildFile */ = {
			isa = PBXBuildFile;
			fileRef = BE65DD26CAC04551A1E89C87;
		};
		B81EFE3B22A34A038D7A4992 /* PBXBuildFile */ = {
			isa = PBXBuildFile;
			fileRef = C86D0C116B4C44C9A53F923E;
		};
		BA2C4C888D4E43F693A9993F /* PBXBuildFile */ = {
			isa = PBXBuildFile;
			fileRef = DFA62769624B4E8581B15DF5;
		};
		BCD32A3CDE794D1BBC2C64FE /* PBXBuildFile */ = {
			isa = PBXBuildFile;
			fileRef = 3E0C4756745049ABAE598752;
		};
		C4385BF51CBE4903BB94694B /* PBXBuildFile */ = {
			isa = PBXBuildFile;
			fileRef = EFB6292BB2CF4B1EA648122E;
		};
		C67EDF239F8A460F9D4DBA9B /* PBXBuildFile */ = {
			isa = PBXBuildFile;
			fileRef = 37B95B959A91456BB7443B38;
		};
		C7355ED413584C0F88F1B108 /* PBXBuildFile */ = {
			isa = PBXBuildFile;
			fileRef = 562D2F6C71E44545B9CFBC0B;
		};
		CAAE53DB8ECD449BB9835FFA /* PBXBuildFile */ = {
			isa = PBXBuildFile;
			fileRef = 08F1606630AD4D58B5FA31C2;
		};
		CDB5C389962E4B7FAE0F3F58 /* PBXBuildFile */ = {
			isa = PBXBuildFile;
			fileRef = E2031723D21240849C938407;
		};
		CEB52442B74F42C4902F4BAF /* PBXBuildFile */ = {
			isa = PBXBuildFile;
			fileRef = 1015702310924908A2FD3369;
		};
		D39FE1121E8040FC9C9B44AC /* PBXBuildFile */ = {
			isa = PBXBuildFile;
			fileRef = 8C768CD5EE1A417CBB100AD4;
		};
		EACD4305AD01415DB004518F /* PBXBuildFile */ = {
			isa = PBXBuildFile;
			fileRef = 33C76785269044739A13FC59;
		};
		ECEB2D980C714261B48EA4C9 /* PBXBuildFile */ = {
			isa = PBXBuildFile;
			fileRef = 70C2480DA35D4341BB64C859;
		};
		F134C8528A044AF180D50C64 /* PBXBuildFile */ = {
			isa = PBXBuildFile;
			fileRef = E94223D66B0C41DB83D5BCF6;
		};
		F1EED7FF390A45C482C7055F /* PBXBuildFile */ = {
			isa = PBXBuildFile;
			fileRef = 436B2C551BAE41A6A317A27E;
		};
		F49DC05E4B154745B3769DAF /* PBXBuildFile */ = {
			isa = PBXBuildFile;
			fileRef = FB198D3FA62746FEAFE9A2E3;
		};
		F8118BC48AFA414BB37A851D /* PBXBuildFile */ = {
			isa = PBXBuildFile;
			fileRef = 0F1829B6F42144348065D70D;
		};
/* End PBXBuildFile section */

/* Begin PBXFileReference section */
		08D1113EE0C34910BAF5C4FD /* PBXFileReference */ = {
			isa = PBXFileReference;
			lastKnownFileType = sourcecode.swift;
			name = "ReferralService.swift";
			path = "FaisTrack/Services/ReferralService.swift";
			sourceTree = "<group>";
		};
		08F1606630AD4D58B5FA31C2 /* PBXFileReference */ = {
			isa = PBXFileReference;
			lastKnownFileType = sourcecode.swift;
			name = "AppState.swift";
			path = "FaisTrack/App/AppState.swift";
			sourceTree = "<group>";
		};
		0C7EF721F0F54B45B6AB8CE2 /* PBXFileReference */ = {
			isa = PBXFileReference;
			lastKnownFileType = sourcecode.swift;
			name = "StatsView.swift";
			path = "FaisTrack/Modules/Statistics/StatsView.swift";
			sourceTree = "<group>";
		};
		0F1829B6F42144348065D70D /* PBXFileReference */ = {
			isa = PBXFileReference;
			lastKnownFileType = text.plist.strings;
			name = "Localizable.strings";
			path = "FaisTrack/Resources/ar.lproj/Localizable.strings";
			sourceTree = "<group>";
		};
		0FAFEE2A69A84BAABDFB8E20 /* PBXFileReference */ = {
			isa = PBXFileReference;
			lastKnownFileType = sourcecode.swift;
			name = "FirebaseService.swift";
			path = "FaisTrack/Services/FirebaseService.swift";
			sourceTree = "<group>";
		};
		1015702310924908A2FD3369 /* PBXFileReference */ = {
			isa = PBXFileReference;
			lastKnownFileType = sourcecode.swift;
			name = "ShareCarCardView.swift";
			path = "FaisTrack/Modules/Garage/ShareCarCardView.swift";
			sourceTree = "<group>";
		};
		1815BF02C9004A08B8F1ED91 /* PBXFileReference */ = {
			isa = PBXFileReference;
			lastKnownFileType = sourcecode.swift;
			name = "FTStatBadge.swift";
			path = "FaisTrack/DesignSystem/Components/FTStatBadge.swift";
			sourceTree = "<group>";
		};
		1C946B63C8574A629A0E1613 /* PBXFileReference */ = {
			isa = PBXFileReference;
			lastKnownFileType = sourcecode.swift;
			name = "CarCardView.swift";
			path = "FaisTrack/Modules/Garage/CarCardView.swift";
			sourceTree = "<group>";
		};
		24D154C2C5314A6BAD4BBF8A /* PBXFileReference */ = {
			isa = PBXFileReference;
			lastKnownFileType = sourcecode.swift;
			name = "FTCard.swift";
			path = "FaisTrack/DesignSystem/Components/FTCard.swift";
			sourceTree = "<group>";
		};
		24E5B329DAFC429CB391F34A /* PBXFileReference */ = {
			isa = PBXFileReference;
			lastKnownFileType = sourcecode.swift;
			name = "DriveDetailView.swift";
			path = "FaisTrack/Modules/Drives/DriveDetailView.swift";
			sourceTree = "<group>";
		};
		32B354F3F05146E189DFC34A /* PBXFileReference */ = {
			isa = PBXFileReference;
			lastKnownFileType = sourcecode.swift;
			name = "NotificationService.swift";
			path = "FaisTrack/Services/NotificationService.swift";
			sourceTree = "<group>";
		};
		33C76785269044739A13FC59 /* PBXFileReference */ = {
			isa = PBXFileReference;
			lastKnownFileType = sourcecode.swift;
			name = "AuthView.swift";
			path = "FaisTrack/Modules/Auth/AuthView.swift";
			sourceTree = "<group>";
		};
		37B95B959A91456BB7443B38 /* PBXFileReference */ = {
			isa = PBXFileReference;
			lastKnownFileType = sourcecode.swift;
			name = "FTButton.swift";
			path = "FaisTrack/DesignSystem/Components/FTButton.swift";
			sourceTree = "<group>";
		};
		38B8C204B8324A8AB0B9D340 /* PBXFileReference */ = {
			isa = PBXFileReference;
			lastKnownFileType = sourcecode.swift;
			name = "DrivesView.swift";
			path = "FaisTrack/Modules/Drives/DrivesView.swift";
			sourceTree = "<group>";
		};
		39FF906A4D1E4447853C7D31 /* PBXFileReference */ = {
			isa = PBXFileReference;
			lastKnownFileType = sourcecode.swift;
			name = "FriendsView.swift";
			path = "FaisTrack/Modules/Friends/FriendsView.swift";
			sourceTree = "<group>";
		};
		3CD91E2E50C740C9B40899F0 /* PBXFileReference */ = {
			isa = PBXFileReference;
			lastKnownFileType = sourcecode.swift;
			name = "Car.swift";
			path = "FaisTrack/Models/Car.swift";
			sourceTree = "<group>";
		};
		3DB675E61528419E890BF381 /* PBXFileReference */ = {
			isa = PBXFileReference;
			lastKnownFileType = sourcecode.swift;
			name = "LeaderboardView.swift";
			path = "FaisTrack/Modules/Leaderboard/LeaderboardView.swift";
			sourceTree = "<group>";
		};
		3E0C4756745049ABAE598752 /* PBXFileReference */ = {
			isa = PBXFileReference;
			lastKnownFileType = file.storyboard;
			name = "LaunchScreen.storyboard";
			path = "FaisTrack/Resources/LaunchScreen.storyboard";
			sourceTree = "<group>";
		};
		436B2C551BAE41A6A317A27E /* PBXFileReference */ = {
			isa = PBXFileReference;
			lastKnownFileType = sourcecode.swift;
			name = "UserSearchView.swift";
			path = "FaisTrack/Modules/Friends/UserSearchView.swift";
			sourceTree = "<group>";
		};
		4965251E73394885A6793A70 /* PBXFileReference */ = {
			isa = PBXFileReference;
			lastKnownFileType = sourcecode.swift;
			name = "GarageViewModel.swift";
			path = "FaisTrack/Modules/Garage/GarageViewModel.swift";
			sourceTree = "<group>";
		};
		530159A29500466CAF44B01A /* PBXFileReference */ = {
			isa = PBXFileReference;
			lastKnownFileType = text.plist.strings;
			name = "Localizable.strings";
			path = "FaisTrack/Resources/en.lproj/Localizable.strings";
			sourceTree = "<group>";
		};
		562D2F6C71E44545B9CFBC0B /* PBXFileReference */ = {
			isa = PBXFileReference;
			lastKnownFileType = sourcecode.swift;
			name = "LeaderboardEntry.swift";
			path = "FaisTrack/Models/LeaderboardEntry.swift";
			sourceTree = "<group>";
		};
		70C2480DA35D4341BB64C859 /* PBXFileReference */ = {
			isa = PBXFileReference;
			lastKnownFileType = sourcecode.swift;
			name = "SafetyView.swift";
			path = "FaisTrack/Modules/Auth/SafetyView.swift";
			sourceTree = "<group>";
		};
		7BAE9BCECF504FCE9628A9CC /* PBXFileReference */ = {
			isa = PBXFileReference;
			lastKnownFileType = sourcecode.swift;
			name = "PermissionsView.swift";
			path = "FaisTrack/Modules/Auth/PermissionsView.swift";
			sourceTree = "<group>";
		};
		83FFF559BEDD43C3AE3227B2 /* PBXFileReference */ = {
			isa = PBXFileReference;
			lastKnownFileType = sourcecode.swift;
			name = "AppDelegate.swift";
			path = "FaisTrack/App/AppDelegate.swift";
			sourceTree = "<group>";
		};
		8C768CD5EE1A417CBB100AD4 /* PBXFileReference */ = {
			isa = PBXFileReference;
			lastKnownFileType = sourcecode.swift;
			name = "MainTabView.swift";
			path = "FaisTrack/App/MainTabView.swift";
			sourceTree = "<group>";
		};
		A8677E079CD649B5B60553B7 /* PBXFileReference */ = {
			isa = PBXFileReference;
			lastKnownFileType = sourcecode.swift;
			name = "LocationService.swift";
			path = "FaisTrack/Services/LocationService.swift";
			sourceTree = "<group>";
		};
		A9C2A4108D004F80AFF8E2A6 /* PBXFileReference */ = {
			isa = PBXFileReference;
			lastKnownFileType = sourcecode.swift;
			name = "LeaderboardService.swift";
			path = "FaisTrack/Services/LeaderboardService.swift";
			sourceTree = "<group>";
		};
		AAFE9C95402A4C7985BA2508 /* PBXFileReference */ = {
			isa = PBXFileReference;
			lastKnownFileType = sourcecode.swift;
			name = "FaisTrackApp.swift";
			path = "FaisTrack/App/FaisTrackApp.swift";
			sourceTree = "<group>";
		};
		B061438B59F44E0B81BFB4E6 /* PBXFileReference */ = {
			isa = PBXFileReference;
			lastKnownFileType = sourcecode.swift;
			name = "AuthService.swift";
			path = "FaisTrack/Services/AuthService.swift";
			sourceTree = "<group>";
		};
		B597689DDB614495ACCF1502 /* PBXFileReference */ = {
			isa = PBXFileReference;
			lastKnownFileType = sourcecode.swift;
			name = "User.swift";
			path = "FaisTrack/Models/User.swift";
			sourceTree = "<group>";
		};
		BE65DD26CAC04551A1E89C87 /* PBXFileReference */ = {
			isa = PBXFileReference;
			lastKnownFileType = sourcecode.swift;
			name = "StoreKitService.swift";
			path = "FaisTrack/Services/StoreKitService.swift";
			sourceTree = "<group>";
		};
		C86D0C116B4C44C9A53F923E /* PBXFileReference */ = {
			isa = PBXFileReference;
			lastKnownFileType = sourcecode.swift;
			name = "ProPaywallView.swift";
			path = "FaisTrack/Modules/Auth/ProPaywallView.swift";
			sourceTree = "<group>";
		};
		C8F1153DD9744041B72DE0AA /* PBXFileReference */ = {
			isa = PBXFileReference;
			lastKnownFileType = folder.assetcatalog;
			name = "Assets.xcassets";
			path = "FaisTrack/Resources/Assets.xcassets";
			sourceTree = "<group>";
		};
		CA64C3CDEBF2484186B77F5A /* PBXFileReference */ = {
			isa = PBXFileReference;
			lastKnownFileType = sourcecode.swift;
			name = "CarDetailView.swift";
			path = "FaisTrack/Modules/Garage/CarDetailView.swift";
			sourceTree = "<group>";
		};
		CE824C85657941DCA715934B /* PBXFileReference */ = {
			isa = PBXFileReference;
			lastKnownFileType = sourcecode.swift;
			name = "RootView.swift";
			path = "FaisTrack/App/RootView.swift";
			sourceTree = "<group>";
		};
		D27E8ADE8CCA45B68E06311E /* PBXFileReference */ = {
			isa = PBXFileReference;
			explicitFileType = wrapper.application;
			includeInIndex = 0;
			path = "FaisTrack.app";
			sourceTree = BUILT_PRODUCTS_DIR;
		};
		DAC48F4BF6904A89A96824DC /* PBXFileReference */ = {
			isa = PBXFileReference;
			lastKnownFileType = sourcecode.swift;
			name = "Colors.swift";
			path = "FaisTrack/DesignSystem/Colors.swift";
			sourceTree = "<group>";
		};
		DFA62769624B4E8581B15DF5 /* PBXFileReference */ = {
			isa = PBXFileReference;
			lastKnownFileType = sourcecode.swift;
			name = "CarPlaySceneDelegate.swift";
			path = "FaisTrack/Modules/CarPlay/CarPlaySceneDelegate.swift";
			sourceTree = "<group>";
		};
		E2031723D21240849C938407 /* PBXFileReference */ = {
			isa = PBXFileReference;
			lastKnownFileType = sourcecode.swift;
			name = "DriveDetectionService.swift";
			path = "FaisTrack/Services/DriveDetectionService.swift";
			sourceTree = "<group>";
		};
		E6F1D17EE81C408CAE64EBC7 /* PBXFileReference */ = {
			isa = PBXFileReference;
			lastKnownFileType = sourcecode.swift;
			name = "BehaviorScoreView.swift";
			path = "FaisTrack/Modules/Statistics/BehaviorScoreView.swift";
			sourceTree = "<group>";
		};
		E94223D66B0C41DB83D5BCF6 /* PBXFileReference */ = {
			isa = PBXFileReference;
			lastKnownFileType = sourcecode.swift;
			name = "AddCarView.swift";
			path = "FaisTrack/Modules/Garage/AddCarView.swift";
			sourceTree = "<group>";
		};
		EFB6292BB2CF4B1EA648122E /* PBXFileReference */ = {
			isa = PBXFileReference;
			lastKnownFileType = sourcecode.swift;
			name = "Drive.swift";
			path = "FaisTrack/Models/Drive.swift";
			sourceTree = "<group>";
		};
		F40A8E62F1254C55AA8B5A66 /* PBXFileReference */ = {
			isa = PBXFileReference;
			lastKnownFileType = sourcecode.swift;
			name = "OnboardingView.swift";
			path = "FaisTrack/Modules/Auth/OnboardingView.swift";
			sourceTree = "<group>";
		};
		FB198D3FA62746FEAFE9A2E3 /* PBXFileReference */ = {
			isa = PBXFileReference;
			lastKnownFileType = sourcecode.swift;
			name = "GarageView.swift";
			path = "FaisTrack/Modules/Garage/GarageView.swift";
			sourceTree = "<group>";
		};
/* End PBXFileReference section */

/* Begin PBXFrameworksBuildPhase section */
		0E159E617A1A4D2CB4CB118D /* PBXFrameworksBuildPhase */ = {
			isa = PBXFrameworksBuildPhase;
			buildActionMask = 2147483647;
			files = (
			);
			runOnlyForDeploymentPostprocessing = 0;
		};
/* End PBXFrameworksBuildPhase section */

/* Begin PBXGroup section */
		08C030988F1F4C23825A1DE9 /* PBXGroup */ = {
			isa = PBXGroup;
			children = (
				EA5629BE95694ECA9A8879AF,
				F16D1601775A47969E2EE940,
				93DB5022A942419DAC3EDA13,
				6DA41CBC070F4377AC91FAA2,
				9407AD5E59904560B2E853D7,
				84376D6A83F1417BB1A8DF3C,
				2AFEEB3E1047452E8FAF0F1E,
			);
			name = "Modules";
			sourceTree = "<group>";
		};
		16CB8E0470144225AB10CF42 /* PBXGroup */ = {
			isa = PBXGroup;
			children = (
				0F1829B6F42144348065D70D,
			);
			name = "ar.lproj";
			sourceTree = "<group>";
		};
		2AFEEB3E1047452E8FAF0F1E /* PBXGroup */ = {
			isa = PBXGroup;
			children = (
				E6F1D17EE81C408CAE64EBC7,
				0C7EF721F0F54B45B6AB8CE2,
			);
			name = "Statistics";
			sourceTree = "<group>";
		};
		3460174CDA844C85930658DA /* PBXGroup */ = {
			isa = PBXGroup;
			children = (
				58D24CFC41CF44108B5E7808,
				3750561EDB6E4E55B2FBA280,
				BE5A74F88793455881038EB1,
				08C030988F1F4C23825A1DE9,
				5AAC4110658C4BCAB8714F61,
				B5E983E8BEAD4431930FE3D2,
			);
			name = "FaisTrack";
			path = "FaisTrack";
			sourceTree = "<group>";
		};
		3750561EDB6E4E55B2FBA280 /* PBXGroup */ = {
			isa = PBXGroup;
			children = (
				DAC48F4BF6904A89A96824DC,
				461C178F0A244186B322A514,
			);
			name = "DesignSystem";
			sourceTree = "<group>";
		};
		461C178F0A244186B322A514 /* PBXGroup */ = {
			isa = PBXGroup;
			children = (
				37B95B959A91456BB7443B38,
				24D154C2C5314A6BAD4BBF8A,
				1815BF02C9004A08B8F1ED91,
			);
			name = "Components";
			sourceTree = "<group>";
		};
		466D7EC7E9084ECDA0483B19 /* PBXGroup */ = {
			isa = PBXGroup;
			children = (
				530159A29500466CAF44B01A,
			);
			name = "en.lproj";
			sourceTree = "<group>";
		};
		58D24CFC41CF44108B5E7808 /* PBXGroup */ = {
			isa = PBXGroup;
			children = (
				83FFF559BEDD43C3AE3227B2,
				08F1606630AD4D58B5FA31C2,
				AAFE9C95402A4C7985BA2508,
				8C768CD5EE1A417CBB100AD4,
				CE824C85657941DCA715934B,
			);
			name = "App";
			sourceTree = "<group>";
		};
		5AAC4110658C4BCAB8714F61 /* PBXGroup */ = {
			isa = PBXGroup;
			children = (
				C8F1153DD9744041B72DE0AA,
				3E0C4756745049ABAE598752,
				16CB8E0470144225AB10CF42,
				466D7EC7E9084ECDA0483B19,
			);
			name = "Resources";
			sourceTree = "<group>";
		};
		6BD2147EE1514FA29681481C /* PBXGroup */ = {
			isa = PBXGroup;
			children = (
				3460174CDA844C85930658DA,
				F9D53263B7524E759F081EF2,
			);
			sourceTree = "<group>";
		};
		6DA41CBC070F4377AC91FAA2 /* PBXGroup */ = {
			isa = PBXGroup;
			children = (
				39FF906A4D1E4447853C7D31,
				436B2C551BAE41A6A317A27E,
			);
			name = "Friends";
			sourceTree = "<group>";
		};
		84376D6A83F1417BB1A8DF3C /* PBXGroup */ = {
			isa = PBXGroup;
			children = (
				3DB675E61528419E890BF381,
			);
			name = "Leaderboard";
			sourceTree = "<group>";
		};
		93DB5022A942419DAC3EDA13 /* PBXGroup */ = {
			isa = PBXGroup;
			children = (
				24E5B329DAFC429CB391F34A,
				38B8C204B8324A8AB0B9D340,
			);
			name = "Drives";
			sourceTree = "<group>";
		};
		9407AD5E59904560B2E853D7 /* PBXGroup */ = {
			isa = PBXGroup;
			children = (
				E94223D66B0C41DB83D5BCF6,
				1C946B63C8574A629A0E1613,
				CA64C3CDEBF2484186B77F5A,
				FB198D3FA62746FEAFE9A2E3,
				4965251E73394885A6793A70,
				1015702310924908A2FD3369,
			);
			name = "Garage";
			sourceTree = "<group>";
		};
		B5E983E8BEAD4431930FE3D2 /* PBXGroup */ = {
			isa = PBXGroup;
			children = (
				B061438B59F44E0B81BFB4E6,
				E2031723D21240849C938407,
				0FAFEE2A69A84BAABDFB8E20,
				A9C2A4108D004F80AFF8E2A6,
				A8677E079CD649B5B60553B7,
				32B354F3F05146E189DFC34A,
				08D1113EE0C34910BAF5C4FD,
				BE65DD26CAC04551A1E89C87,
			);
			name = "Services";
			sourceTree = "<group>";
		};
		BE5A74F88793455881038EB1 /* PBXGroup */ = {
			isa = PBXGroup;
			children = (
				3CD91E2E50C740C9B40899F0,
				EFB6292BB2CF4B1EA648122E,
				562D2F6C71E44545B9CFBC0B,
				B597689DDB614495ACCF1502,
			);
			name = "Models";
			sourceTree = "<group>";
		};
		EA5629BE95694ECA9A8879AF /* PBXGroup */ = {
			isa = PBXGroup;
			children = (
				33C76785269044739A13FC59,
				F40A8E62F1254C55AA8B5A66,
				7BAE9BCECF504FCE9628A9CC,
				C86D0C116B4C44C9A53F923E,
				70C2480DA35D4341BB64C859,
			);
			name = "Auth";
			sourceTree = "<group>";
		};
		F16D1601775A47969E2EE940 /* PBXGroup */ = {
			isa = PBXGroup;
			children = (
				DFA62769624B4E8581B15DF5,
			);
			name = "CarPlay";
			sourceTree = "<group>";
		};
		F9D53263B7524E759F081EF2 /* PBXGroup */ = {
			isa = PBXGroup;
			children = (
				D27E8ADE8CCA45B68E06311E,
			);
			name = "Products";
			sourceTree = "<group>";
		};
/* End PBXGroup section */

/* Begin PBXNativeTarget section */
		3C78B54056754915B1B378FF /* PBXNativeTarget */ = {
			isa = PBXNativeTarget;
			buildConfigurationList = 3709FAA4D6064AFB8FD3EA15;
			buildPhases = (
				AB2798A22E864644852B36F0,
				2491E7A5E8F64E70BE30BDEF,
				0E159E617A1A4D2CB4CB118D,
			);
			buildRules = (
			);
			dependencies = (
			);
			name = "FaisTrack";
			productName = "FaisTrack";
			productReference = D27E8ADE8CCA45B68E06311E;
			productType = "com.apple.product-type.application";
		};
/* End PBXNativeTarget section */

/* Begin PBXProject section */
		783C28AD9BB2405E87D49B3D /* PBXProject */ = {
			isa = PBXProject;
			attributes = {
				BuildIndependentTargetsInParallel = YES;
				LastSwiftUpdateCheck = 1500;
				LastUpgradeCheck = 1500;
				TargetAttributes = {
					3C78B54056754915B1B378FF = {
						CreatedOnToolsVersion = 15.0;
						DevelopmentTeam = 5GY9D93K6Y;
					};
				};
			};
			buildConfigurationList = EF167791A98F4C60B81A7A73;
			compatibilityVersion = "Xcode 14.0";
			developmentRegion = en;
			hasScannedForEncodings = 0;
			knownRegions = (
				en,
				ar,
				Base,
			);
			mainGroup = 6BD2147EE1514FA29681481C;
			productRefGroup = F9D53263B7524E759F081EF2;
			projectDirPath = "";
			projectRoot = "";
			targets = (
				3C78B54056754915B1B378FF,
			);
		};
/* End PBXProject section */

/* Begin PBXResourcesBuildPhase section */
		2491E7A5E8F64E70BE30BDEF /* PBXResourcesBuildPhase */ = {
			isa = PBXResourcesBuildPhase;
			buildActionMask = 2147483647;
			files = (
				422FFDD180C744EAB769DA8C,
				BCD32A3CDE794D1BBC2C64FE,
				982E9A7095714E2385E1C4B4,
				F8118BC48AFA414BB37A851D,
			);
			runOnlyForDeploymentPostprocessing = 0;
		};
/* End PBXResourcesBuildPhase section */

/* Begin PBXSourcesBuildPhase section */
		AB2798A22E864644852B36F0 /* PBXSourcesBuildPhase */ = {
			isa = PBXSourcesBuildPhase;
			buildActionMask = 2147483647;
			files = (
				79A5C582247F405E86E427F9,
				C4385BF51CBE4903BB94694B,
				C7355ED413584C0F88F1B108,
				15E6B51B2E29441CB2346CC1,
				F134C8528A044AF180D50C64,
				19EB66248F8E488F8AA70066,
				50EA363F479A4F88ABBA76D6,
				F49DC05E4B154745B3769DAF,
				463830659BE44C689F3586EC,
				CEB52442B74F42C4902F4BAF,
				29384F4345F14041BD3CDD02,
				EACD4305AD01415DB004518F,
				6B78903819E6460E803C74BC,
				75BB0D36752548AAB411A25B,
				B81EFE3B22A34A038D7A4992,
				ECEB2D980C714261B48EA4C9,
				355FBEE8D6414131A70913B6,
				4FD387650D114DE2BBE72CA5,
				BA2C4C888D4E43F693A9993F,
				2E1B26A7F21543E7980301C6,
				F1EED7FF390A45C482C7055F,
				1536CDADC93445F496D50C53,
				7C8281D8684545CFAEC33427,
				351F25D63B404DDE8D7B4632,
				CDB5C389962E4B7FAE0F3F58,
				8ABF9AC5CF8D42969AFD8B3B,
				8713A833833F47759B4FF972,
				57C3C83C8DC14A7EB51C34C5,
				9CAFFC4C55154DE48F99C59B,
				63193C5C413A472783D454FB,
				ADA0C184980E4488A04063EB,
				5C3E4E67BE9F460484F992FF,
				CAAE53DB8ECD449BB9835FFA,
				821B173BB1E4418DABFCEA45,
				D39FE1121E8040FC9C9B44AC,
				1E556DEFA73B4283A6282FC6,
				439FA6455F084D2582A309D0,
				C67EDF239F8A460F9D4DBA9B,
				2CB2E5DB5EAD4E76AD7ADB6A,
				914CC72134674BAAAF2A459C,
			);
			runOnlyForDeploymentPostprocessing = 0;
		};
/* End PBXSourcesBuildPhase section */

/* Begin XCBuildConfiguration section */
		132B9470EEF748FEA8EF4EBF /* XCBuildConfiguration */ = {
			isa = XCBuildConfiguration;
			buildSettings = {
				ALWAYS_SEARCH_USER_PATHS = NO;
				CLANG_ENABLE_MODULES = YES;
				COPY_PHASE_STRIP = NO;
				DEBUG_INFORMATION_FORMAT = "dwarf-with-dsym";
				ENABLE_NS_ASSERTIONS = NO;
				IPHONEOS_DEPLOYMENT_TARGET = "15.0";
				MTL_ENABLE_DEBUG_INFO = NO;
				SDKROOT = iphoneos;
				VALIDATE_PRODUCT = YES;
			};
			name = Release;
		};
		39E4956114234454A2AA49A6 /* XCBuildConfiguration */ = {
			isa = XCBuildConfiguration;
			buildSettings = {
				ALWAYS_SEARCH_USER_PATHS = NO;
				ASSETCATALOG_COMPILER_APPICON_NAME = AppIcon;
				CODE_SIGN_ENTITLEMENTS = "FaisTrack/Supporting/FaisTrack.entitlements";
				CODE_SIGN_STYLE = Automatic;
				CURRENT_PROJECT_VERSION = 1;
				DEVELOPMENT_TEAM = "5GY9D93K6Y";
				ENABLE_BITCODE = NO;
				INFOPLIST_FILE = "FaisTrack/Supporting/Info.plist";
				IPHONEOS_DEPLOYMENT_TARGET = "15.0";
				MARKETING_VERSION = "1.0";
				PRODUCT_BUNDLE_IDENTIFIER = "com.faistrack.app";
				PRODUCT_NAME = "$(TARGET_NAME)";
				SWIFT_EMIT_LOC_STRINGS = YES;
				SWIFT_VERSION = "5.9";
				TARGETED_DEVICE_FAMILY = "1";
				ENABLE_PREVIEWS = YES;
				DEBUG_INFORMATION_FORMAT = dwarf;
				ENABLE_TESTABILITY = YES;
				SWIFT_OPTIMIZATION_LEVEL = "-Onone";
				SWIFT_ACTIVE_COMPILATION_CONDITIONS = DEBUG;
			};
			name = Debug;
		};
		609C516E9B38480F90DC741F /* XCBuildConfiguration */ = {
			isa = XCBuildConfiguration;
			buildSettings = {
				ALWAYS_SEARCH_USER_PATHS = NO;
				ASSETCATALOG_COMPILER_APPICON_NAME = AppIcon;
				CODE_SIGN_ENTITLEMENTS = "FaisTrack/Supporting/FaisTrack.entitlements";
				CODE_SIGN_STYLE = Automatic;
				CURRENT_PROJECT_VERSION = 1;
				DEVELOPMENT_TEAM = "5GY9D93K6Y";
				ENABLE_BITCODE = NO;
				INFOPLIST_FILE = "FaisTrack/Supporting/Info.plist";
				IPHONEOS_DEPLOYMENT_TARGET = "15.0";
				MARKETING_VERSION = "1.0";
				PRODUCT_BUNDLE_IDENTIFIER = "com.faistrack.app";
				PRODUCT_NAME = "$(TARGET_NAME)";
				SWIFT_EMIT_LOC_STRINGS = YES;
				SWIFT_VERSION = "5.9";
				TARGETED_DEVICE_FAMILY = "1";
				ENABLE_PREVIEWS = YES;
				DEBUG_INFORMATION_FORMAT = "dwarf-with-dsym";
				SWIFT_OPTIMIZATION_LEVEL = "-O";
				VALIDATE_PRODUCT = YES;
			};
			name = Release;
		};
		B529E18AA3544B5681958D9A /* XCBuildConfiguration */ = {
			isa = XCBuildConfiguration;
			buildSettings = {
				ALWAYS_SEARCH_USER_PATHS = NO;
				CLANG_ENABLE_MODULES = YES;
				COPY_PHASE_STRIP = NO;
				DEBUG_INFORMATION_FORMAT = dwarf;
				IPHONEOS_DEPLOYMENT_TARGET = "15.0";
				MTL_ENABLE_DEBUG_INFO = INCLUDE_SOURCE;
				ONLY_ACTIVE_ARCH = YES;
				SDKROOT = iphoneos;
				SWIFT_ACTIVE_COMPILATION_CONDITIONS = DEBUG;
			};
			name = Debug;
		};
/* End XCBuildConfiguration section */

/* Begin XCConfigurationList section */
		3709FAA4D6064AFB8FD3EA15 /* XCConfigurationList */ = {
			isa = XCConfigurationList;
			buildConfigurations = (
				39E4956114234454A2AA49A6,
				609C516E9B38480F90DC741F,
			);
			defaultConfigurationIsVisible = 0;
			defaultConfigurationName = Release;
		};
		EF167791A98F4C60B81A7A73 /* XCConfigurationList */ = {
			isa = XCConfigurationList;
			buildConfigurations = (
				B529E18AA3544B5681958D9A,
				132B9470EEF748FEA8EF4EBF,
			);
			defaultConfigurationIsVisible = 0;
			defaultConfigurationName = Release;
		};
/* End XCConfigurationList section */
	};
	rootObject = 783C28AD9BB2405E87D49B3D;
}